
Microsoft Visual Studio Solution File, Format Version 12.00
# Visual Studio Version 17
VisualStudioVersion = 17.9.34902.65
MinimumVisualStudioVersion = 10.0.40219.1
Project("{2150E333-8FDC-42A3-9474-1A3956D46DE8}") = "Services", "Services", "{82B3AC89-FAAA-416B-B273-15BF743E606C}"
EndProject
Project("{2150E333-8FDC-42A3-9474-1A3956D46DE8}") = "User", "User", "{9242F376-2342-4C72-9557-26F9532C8D1A}"
EndProject
Project("{2150E333-8FDC-42A3-9474-1A3956D46DE8}") = "Travel", "Travel", "{C31B1428-0915-4A73-99B2-BB7277EDE0D9}"
EndProject
Project("{9A19103F-16F7-4668-BE54-9A1E7A4F7556}") = "D1Tech.User.API", "Services\User\D1Tech.User.API\D1Tech.User.API.csproj", "{7F3AE989-75E9-4FB1-8E27-E429B22BECCE}"
EndProject
Project("{9A19103F-16F7-4668-BE54-9A1E7A4F7556}") = "D1Tech.User.Application", "Services\User\D1Tech.User.Application\D1Tech.User.Application.csproj", "{D7049C01-058E-4DA5-8ED8-80A06A77B154}"
EndProject
Project("{9A19103F-16F7-4668-BE54-9A1E7A4F7556}") = "D1Tech.Travel.API", "Services\Travel\D1Tech.Travel.API\D1Tech.Travel.API.csproj", "{4D6D0073-BE06-4EE2-B2BD-62AF28EEF837}"
EndProject
Project("{9A19103F-16F7-4668-BE54-9A1E7A4F7556}") = "D1Tech.Travel.Application", "Services\Travel\D1Tech.Travel.Application\D1Tech.Travel.Application.csproj", "{E329C013-A213-477F-A6B4-50BE3435B4C8}"
EndProject
Project("{9A19103F-16F7-4668-BE54-9A1E7A4F7556}") = "D1Tech.Travel.Domain", "Services\Travel\D1Tech.Travel.Domain\D1Tech.Travel.Domain.csproj", "{695BB3A4-9574-4393-A6E1-1D534DE98C14}"
EndProject
Project("{9A19103F-16F7-4668-BE54-9A1E7A4F7556}") = "D1Tech.User.Domain", "Services\User\D1Tech.User.Domain\D1Tech.User.Domain.csproj", "{054F17D8-B459-47A5-9863-6A956A7FD0D4}"
EndProject
Project("{9A19103F-16F7-4668-BE54-9A1E7A4F7556}") = "D1Tech.Travel.Persistence", "Services\Travel\D1Tech.Travel.Persistence\D1Tech.Travel.Persistence.csproj", "{A1B23A6F-24BF-44C2-BD8F-3897B7EDDFD3}"
EndProject
Project("{9A19103F-16F7-4668-BE54-9A1E7A4F7556}") = "D1Tech.User.Persistence", "Services\User\D1Tech.User.Persistence\D1Tech.User.Persistence.csproj", "{3BCE2CCA-C575-45AA-8EE9-7746B88C5A97}"
EndProject
Project("{FAE04EC0-301F-11D3-BF4B-00C04F79EFBC}") = "D1Tech.Travel.Infrastructure", "Services\Travel\D1Tech.Travel.Infrastructure\D1Tech.Travel.Infrastructure.csproj", "{8DBD75AB-9970-4BD9-8295-C45C806F63A2}"
EndProject
Global
	GlobalSection(SolutionConfigurationPlatforms) = preSolution
		Debug|Any CPU = Debug|Any CPU
		Release|Any CPU = Release|Any CPU
	EndGlobalSection
	GlobalSection(ProjectConfigurationPlatforms) = postSolution
		{7F3AE989-75E9-4FB1-8E27-E429B22BECCE}.Debug|Any CPU.ActiveCfg = Debug|Any CPU
		{7F3AE989-75E9-4FB1-8E27-E429B22BECCE}.Debug|Any CPU.Build.0 = Debug|Any CPU
		{7F3AE989-75E9-4FB1-8E27-E429B22BECCE}.Release|Any CPU.ActiveCfg = Release|Any CPU
		{7F3AE989-75E9-4FB1-8E27-E429B22BECCE}.Release|Any CPU.Build.0 = Release|Any CPU
		{D7049C01-058E-4DA5-8ED8-80A06A77B154}.Debug|Any CPU.ActiveCfg = Debug|Any CPU
		{D7049C01-058E-4DA5-8ED8-80A06A77B154}.Debug|Any CPU.Build.0 = Debug|Any CPU
		{D7049C01-058E-4DA5-8ED8-80A06A77B154}.Release|Any CPU.ActiveCfg = Release|Any CPU
		{D7049C01-058E-4DA5-8ED8-80A06A77B154}.Release|Any CPU.Build.0 = Release|Any CPU
		{4D6D0073-BE06-4EE2-B2BD-62AF28EEF837}.Debug|Any CPU.ActiveCfg = Debug|Any CPU
		{4D6D0073-BE06-4EE2-B2BD-62AF28EEF837}.Debug|Any CPU.Build.0 = Debug|Any CPU
		{4D6D0073-BE06-4EE2-B2BD-62AF28EEF837}.Release|Any CPU.ActiveCfg = Release|Any CPU
		{4D6D0073-BE06-4EE2-B2BD-62AF28EEF837}.Release|Any CPU.Build.0 = Release|Any CPU
		{E329C013-A213-477F-A6B4-50BE3435B4C8}.Debug|Any CPU.ActiveCfg = Debug|Any CPU
		{E329C013-A213-477F-A6B4-50BE3435B4C8}.Debug|Any CPU.Build.0 = Debug|Any CPU
		{E329C013-A213-477F-A6B4-50BE3435B4C8}.Release|Any CPU.ActiveCfg = Release|Any CPU
		{E329C013-A213-477F-A6B4-50BE3435B4C8}.Release|Any CPU.Build.0 = Release|Any CPU
		{695BB3A4-9574-4393-A6E1-1D534DE98C14}.Debug|Any CPU.ActiveCfg = Debug|Any CPU
		{695BB3A4-9574-4393-A6E1-1D534DE98C14}.Debug|Any CPU.Build.0 = Debug|Any CPU
		{695BB3A4-9574-4393-A6E1-1D534DE98C14}.Release|Any CPU.ActiveCfg = Release|Any CPU
		{695BB3A4-9574-4393-A6E1-1D534DE98C14}.Release|Any CPU.Build.0 = Release|Any CPU
		{054F17D8-B459-47A5-9863-6A956A7FD0D4}.Debug|Any CPU.ActiveCfg = Debug|Any CPU
		{054F17D8-B459-47A5-9863-6A956A7FD0D4}.Debug|Any CPU.Build.0 = Debug|Any CPU
		{054F17D8-B459-47A5-9863-6A956A7FD0D4}.Release|Any CPU.ActiveCfg = Release|Any CPU
		{054F17D8-B459-47A5-9863-6A956A7FD0D4}.Release|Any CPU.Build.0 = Release|Any CPU
		{A1B23A6F-24BF-44C2-BD8F-3897B7EDDFD3}.Debug|Any CPU.ActiveCfg = Debug|Any CPU
		{A1B23A6F-24BF-44C2-BD8F-3897B7EDDFD3}.Debug|Any CPU.Build.0 = Debug|Any CPU
		{A1B23A6F-24BF-44C2-BD8F-3897B7EDDFD3}.Release|Any CPU.ActiveCfg = Release|Any CPU
		{A1B23A6F-24BF-44C2-BD8F-3897B7EDDFD3}.Release|Any CPU.Build.0 = Release|Any CPU
		{3BCE2CCA-C575-45AA-8EE9-7746B88C5A97}.Debug|Any CPU.ActiveCfg = Debug|Any CPU
		{3BCE2CCA-C575-45AA-8EE9-7746B88C5A97}.Debug|Any CPU.Build.0 = Debug|Any CPU
		{3BCE2CCA-C575-45AA-8EE9-7746B88C5A97}.Release|Any CPU.ActiveCfg = Release|Any CPU
		{3BCE2CCA-C575-45AA-8EE9-7746B88C5A97}.Release|Any CPU.Build.0 = Release|Any CPU
		{8DBD75AB-9970-4BD9-8295-C45C806F63A2}.Debug|Any CPU.ActiveCfg = Debug|Any CPU
		{8DBD75AB-9970-4BD9-8295-C45C806F63A2}.Debug|Any CPU.Build.0 = Debug|Any CPU
		{8DBD75AB-9970-4BD9-8295-C45C806F63A2}.Release|Any CPU.ActiveCfg = Release|Any CPU
		{8DBD75AB-9970-4BD9-8295-C45C806F63A2}.Release|Any CPU.Build.0 = Release|Any CPU
	EndGlobalSection
	GlobalSection(SolutionProperties) = preSolution
		HideSolutionNode = FALSE
	EndGlobalSection
	GlobalSection(NestedProjects) = preSolution
		{9242F376-2342-4C72-9557-26F9532C8D1A} = {82B3AC89-FAAA-416B-B273-15BF743E606C}
		{C31B1428-0915-4A73-99B2-BB7277EDE0D9} = {82B3AC89-FAAA-416B-B273-15BF743E606C}
		{7F3AE989-75E9-4FB1-8E27-E429B22BECCE} = {9242F376-2342-4C72-9557-26F9532C8D1A}
		{D7049C01-058E-4DA5-8ED8-80A06A77B154} = {9242F376-2342-4C72-9557-26F9532C8D1A}
		{4D6D0073-BE06-4EE2-B2BD-62AF28EEF837} = {C31B1428-0915-4A73-99B2-BB7277EDE0D9}
		{E329C013-A213-477F-A6B4-50BE3435B4C8} = {C31B1428-0915-4A73-99B2-BB7277EDE0D9}
		{695BB3A4-9574-4393-A6E1-1D534DE98C14} = {C31B1428-0915-4A73-99B2-BB7277EDE0D9}
		{054F17D8-B459-47A5-9863-6A956A7FD0D4} = {9242F376-2342-4C72-9557-26F9532C8D1A}
		{A1B23A6F-24BF-44C2-BD8F-3897B7EDDFD3} = {C31B1428-0915-4A73-99B2-BB7277EDE0D9}
		{3BCE2CCA-C575-45AA-8EE9-7746B88C5A97} = {9242F376-2342-4C72-9557-26F9532C8D1A}
		{8DBD75AB-9970-4BD9-8295-C45C806F63A2} = {C31B1428-0915-4A73-99B2-BB7277EDE0D9}
	EndGlobalSection
	GlobalSection(ExtensibilityGlobals) = postSolution
		SolutionGuid = {070D7FB8-852E-4AF0-BAF7-94E9ABED2E4E}
	EndGlobalSection
EndGlobal
